{
  "version": 1,
  "dependencies": {
    "net9.0": {
      "Alchyr.Sts2.ModAnalyzers": {
        "type": "Direct",
        "requested": "[0.1.6, )",
        "resolved": "0.1.6",
        "contentHash": "5LDSKYwMLAZFwAE6kUvNeG6YL9KhvoOHyuEGhF6howmObdyHPxjgn1e0siZayqGCphD2O2a0Pc9U/2h2DvJpPA=="
      },
      "Godot.SourceGenerators": {
        "type": "Direct",
        "requested": "[4.5.1, )",
        "resolved": "4.5.1",
        "contentHash": "HOHYJQO5A/kzf5CUobeTPOX+JawSvjkDE0v/Fyo4EMYEC2MvCTGUvpJFjqQQmHYLNsiiB7RLVilcnup+jiVfdA=="
      },
      "GodotSharp": {
        "type": "Direct",
        "requested": "[4.5.1, )",
        "resolved": "4.5.1",
        "contentHash": "5CFnEHT+FByv5desNHMipz/209SCrWR9CGWFZjGHnXupl1Rw8U8q4nf65/unqZVL97Rx+3J5hskPMoDGaiZL9g=="
      }
    }
  }
}